
Microsoft Visual Studio Solution File, Format Version 12.00
# Visual Studio Version 16
VisualStudioVersion = 25.0.1704.1
MinimumVisualStudioVersion = 10.0.40219.1
Project("{FAE04EC0-301F-11D3-BF4B-00C04F79EFBC}") = "Enums", "Enums\Enums.csproj", "{D1EC66EF-9E03-436F-B4E0-95353C79A2F5}"
EndProject
Global
	GlobalSection(SolutionConfigurationPlatforms) = preSolution
		Debug|Any CPU = Debug|Any CPU
		Release|Any CPU = Release|Any CPU
	EndGlobalSection
	GlobalSection(ProjectConfigurationPlatforms) = postSolution
		{D1EC66EF-9E03-436F-B4E0-95353C79A2F5}.Debug|Any CPU.ActiveCfg = Debug|Any CPU
		{D1EC66EF-9E03-436F-B4E0-95353C79A2F5}.Debug|Any CPU.Build.0 = Debug|Any CPU
		{D1EC66EF-9E03-436F-B4E0-95353C79A2F5}.Release|Any CPU.ActiveCfg = Release|Any CPU
		{D1EC66EF-9E03-436F-B4E0-95353C79A2F5}.Release|Any CPU.Build.0 = Release|Any CPU
	EndGlobalSection
	GlobalSection(SolutionProperties) = preSolution
		HideSolutionNode = FALSE
	EndGlobalSection
	GlobalSection(ExtensibilityGlobals) = postSolution
		SolutionGuid = {284F0ECD-D5EE-4D4C-902D-383530BE3727}
	EndGlobalSection
EndGlobal
