
Microsoft Visual Studio Solution File, Format Version 12.00
# Visual Studio Version 16
VisualStudioVersion = 25.0.1704.1
MinimumVisualStudioVersion = 10.0.40219.1
Project("{FAE04EC0-301F-11D3-BF4B-00C04F79EFBC}") = "Polymorphic Parameters", "Polymorphic Parameters\Polymorphic Parameters.csproj", "{30F15C84-C37E-4BED-B5FD-58D46D03EABB}"
EndProject
Global
	GlobalSection(SolutionConfigurationPlatforms) = preSolution
		Debug|Any CPU = Debug|Any CPU
		Release|Any CPU = Release|Any CPU
	EndGlobalSection
	GlobalSection(ProjectConfigurationPlatforms) = postSolution
		{30F15C84-C37E-4BED-B5FD-58D46D03EABB}.Debug|Any CPU.ActiveCfg = Debug|Any CPU
		{30F15C84-C37E-4BED-B5FD-58D46D03EABB}.Debug|Any CPU.Build.0 = Debug|Any CPU
		{30F15C84-C37E-4BED-B5FD-58D46D03EABB}.Release|Any CPU.ActiveCfg = Release|Any CPU
		{30F15C84-C37E-4BED-B5FD-58D46D03EABB}.Release|Any CPU.Build.0 = Release|Any CPU
	EndGlobalSection
	GlobalSection(SolutionProperties) = preSolution
		HideSolutionNode = FALSE
	EndGlobalSection
	GlobalSection(ExtensibilityGlobals) = postSolution
		SolutionGuid = {DD655360-C60D-42DB-A25B-3E5FF2B8F3CE}
	EndGlobalSection
EndGlobal
