
Microsoft Visual Studio Solution File, Format Version 12.00
# Visual Studio Version 16
VisualStudioVersion = 25.0.1704.1
MinimumVisualStudioVersion = 10.0.40219.1
Project("{FAE04EC0-301F-11D3-BF4B-00C04F79EFBC}") = "creating_Interfaces", "creating_Interfaces\creating_Interfaces.csproj", "{C3E67528-A3AA-4729-8955-709462FB8566}"
EndProject
Global
	GlobalSection(SolutionConfigurationPlatforms) = preSolution
		Debug|Any CPU = Debug|Any CPU
		Release|Any CPU = Release|Any CPU
	EndGlobalSection
	GlobalSection(ProjectConfigurationPlatforms) = postSolution
		{C3E67528-A3AA-4729-8955-709462FB8566}.Debug|Any CPU.ActiveCfg = Debug|Any CPU
		{C3E67528-A3AA-4729-8955-709462FB8566}.Debug|Any CPU.Build.0 = Debug|Any CPU
		{C3E67528-A3AA-4729-8955-709462FB8566}.Release|Any CPU.ActiveCfg = Release|Any CPU
		{C3E67528-A3AA-4729-8955-709462FB8566}.Release|Any CPU.Build.0 = Release|Any CPU
	EndGlobalSection
	GlobalSection(SolutionProperties) = preSolution
		HideSolutionNode = FALSE
	EndGlobalSection
	GlobalSection(ExtensibilityGlobals) = postSolution
		SolutionGuid = {7EC20DF9-2F36-46BA-ACD7-AD94E74CBCA9}
	EndGlobalSection
EndGlobal
