
Microsoft Visual Studio Solution File, Format Version 12.00
# Visual Studio Version 16
VisualStudioVersion = 25.0.1703.6
MinimumVisualStudioVersion = 10.0.40219.1
Project("{FAE04EC0-301F-11D3-BF4B-00C04F79EFBC}") = "2darray", "2darray\2darray.csproj", "{9ADEA396-AE92-4DDB-89C7-CEB100248940}"
EndProject
Global
	GlobalSection(SolutionConfigurationPlatforms) = preSolution
		Debug|Any CPU = Debug|Any CPU
		Release|Any CPU = Release|Any CPU
	EndGlobalSection
	GlobalSection(ProjectConfigurationPlatforms) = postSolution
		{9ADEA396-AE92-4DDB-89C7-CEB100248940}.Debug|Any CPU.ActiveCfg = Debug|Any CPU
		{9ADEA396-AE92-4DDB-89C7-CEB100248940}.Debug|Any CPU.Build.0 = Debug|Any CPU
		{9ADEA396-AE92-4DDB-89C7-CEB100248940}.Release|Any CPU.ActiveCfg = Release|Any CPU
		{9ADEA396-AE92-4DDB-89C7-CEB100248940}.Release|Any CPU.Build.0 = Release|Any CPU
	EndGlobalSection
	GlobalSection(SolutionProperties) = preSolution
		HideSolutionNode = FALSE
	EndGlobalSection
	GlobalSection(ExtensibilityGlobals) = postSolution
		SolutionGuid = {E58DDECE-E378-4445-AD33-F1F239C7C702}
	EndGlobalSection
EndGlobal
