
Microsoft Visual Studio Solution File, Format Version 12.00
# Visual Studio Version 16
VisualStudioVersion = 25.0.1704.1
MinimumVisualStudioVersion = 10.0.40219.1
Project("{FAE04EC0-301F-11D3-BF4B-00C04F79EFBC}") = "Structs", "Structs\Structs.csproj", "{5EFC1955-D5DF-4F8D-969B-4C9C82F7503A}"
EndProject
Global
	GlobalSection(SolutionConfigurationPlatforms) = preSolution
		Debug|Any CPU = Debug|Any CPU
		Release|Any CPU = Release|Any CPU
	EndGlobalSection
	GlobalSection(ProjectConfigurationPlatforms) = postSolution
		{5EFC1955-D5DF-4F8D-969B-4C9C82F7503A}.Debug|Any CPU.ActiveCfg = Debug|Any CPU
		{5EFC1955-D5DF-4F8D-969B-4C9C82F7503A}.Debug|Any CPU.Build.0 = Debug|Any CPU
		{5EFC1955-D5DF-4F8D-969B-4C9C82F7503A}.Release|Any CPU.ActiveCfg = Release|Any CPU
		{5EFC1955-D5DF-4F8D-969B-4C9C82F7503A}.Release|Any CPU.Build.0 = Release|Any CPU
	EndGlobalSection
	GlobalSection(SolutionProperties) = preSolution
		HideSolutionNode = FALSE
	EndGlobalSection
	GlobalSection(ExtensibilityGlobals) = postSolution
		SolutionGuid = {126C329C-508D-412B-BED8-FC26C04FDE31}
	EndGlobalSection
EndGlobal
