
Microsoft Visual Studio Solution File, Format Version 12.00
# Visual Studio Version 16
VisualStudioVersion = 25.0.1703.6
MinimumVisualStudioVersion = 10.0.40219.1
Project("{FAE04EC0-301F-11D3-BF4B-00C04F79EFBC}") = "List", "List\List.csproj", "{0E0EFF1A-29C4-4F25-B413-AF157678103A}"
EndProject
Global
	GlobalSection(SolutionConfigurationPlatforms) = preSolution
		Debug|Any CPU = Debug|Any CPU
		Release|Any CPU = Release|Any CPU
	EndGlobalSection
	GlobalSection(ProjectConfigurationPlatforms) = postSolution
		{0E0EFF1A-29C4-4F25-B413-AF157678103A}.Debug|Any CPU.ActiveCfg = Debug|Any CPU
		{0E0EFF1A-29C4-4F25-B413-AF157678103A}.Debug|Any CPU.Build.0 = Debug|Any CPU
		{0E0EFF1A-29C4-4F25-B413-AF157678103A}.Release|Any CPU.ActiveCfg = Release|Any CPU
		{0E0EFF1A-29C4-4F25-B413-AF157678103A}.Release|Any CPU.Build.0 = Release|Any CPU
	EndGlobalSection
	GlobalSection(SolutionProperties) = preSolution
		HideSolutionNode = FALSE
	EndGlobalSection
	GlobalSection(ExtensibilityGlobals) = postSolution
		SolutionGuid = {31F34FC3-7864-4909-B2A0-D3175533E1EC}
	EndGlobalSection
EndGlobal
