
Microsoft Visual Studio Solution File, Format Version 12.00
# Visual Studio Version 16
VisualStudioVersion = 25.0.1704.1
MinimumVisualStudioVersion = 10.0.40219.1
Project("{FAE04EC0-301F-11D3-BF4B-00C04F79EFBC}") = "Random", "Random\Random.csproj", "{BE53C676-BC75-4566-951A-E3838C9BDECB}"
EndProject
Global
	GlobalSection(SolutionConfigurationPlatforms) = preSolution
		Debug|Any CPU = Debug|Any CPU
		Release|Any CPU = Release|Any CPU
	EndGlobalSection
	GlobalSection(ProjectConfigurationPlatforms) = postSolution
		{BE53C676-BC75-4566-951A-E3838C9BDECB}.Debug|Any CPU.ActiveCfg = Debug|Any CPU
		{BE53C676-BC75-4566-951A-E3838C9BDECB}.Debug|Any CPU.Build.0 = Debug|Any CPU
		{BE53C676-BC75-4566-951A-E3838C9BDECB}.Release|Any CPU.ActiveCfg = Release|Any CPU
		{BE53C676-BC75-4566-951A-E3838C9BDECB}.Release|Any CPU.Build.0 = Release|Any CPU
	EndGlobalSection
	GlobalSection(SolutionProperties) = preSolution
		HideSolutionNode = FALSE
	EndGlobalSection
	GlobalSection(ExtensibilityGlobals) = postSolution
		SolutionGuid = {429A4FA9-CAEE-4C2D-A1FE-620AC30D6B19}
	EndGlobalSection
EndGlobal
