
Microsoft Visual Studio Solution File, Format Version 12.00
# Visual Studio Version 16
VisualStudioVersion = 25.0.1703.6
MinimumVisualStudioVersion = 10.0.40219.1
Project("{FAE04EC0-301F-11D3-BF4B-00C04F79EFBC}") = "jaggedArraysChallenge", "jaggedArraysChallenge\jaggedArraysChallenge.csproj", "{585D15E4-4A7F-4C0E-BA48-E758AB762FB6}"
EndProject
Global
	GlobalSection(SolutionConfigurationPlatforms) = preSolution
		Debug|Any CPU = Debug|Any CPU
		Release|Any CPU = Release|Any CPU
	EndGlobalSection
	GlobalSection(ProjectConfigurationPlatforms) = postSolution
		{585D15E4-4A7F-4C0E-BA48-E758AB762FB6}.Debug|Any CPU.ActiveCfg = Debug|Any CPU
		{585D15E4-4A7F-4C0E-BA48-E758AB762FB6}.Debug|Any CPU.Build.0 = Debug|Any CPU
		{585D15E4-4A7F-4C0E-BA48-E758AB762FB6}.Release|Any CPU.ActiveCfg = Release|Any CPU
		{585D15E4-4A7F-4C0E-BA48-E758AB762FB6}.Release|Any CPU.Build.0 = Release|Any CPU
	EndGlobalSection
	GlobalSection(SolutionProperties) = preSolution
		HideSolutionNode = FALSE
	EndGlobalSection
	GlobalSection(ExtensibilityGlobals) = postSolution
		SolutionGuid = {DB57AAD2-A750-45DB-B3F0-9BF75263A584}
	EndGlobalSection
EndGlobal
