
Microsoft Visual Studio Solution File, Format Version 12.00
# Visual Studio Version 16
VisualStudioVersion = 25.0.1704.1
MinimumVisualStudioVersion = 10.0.40219.1
Project("{FAE04EC0-301F-11D3-BF4B-00C04F79EFBC}") = "classes_movies", "classes_movies\classes_movies.csproj", "{6E5E8F61-5834-4A69-B604-1900DB713902}"
EndProject
Global
	GlobalSection(SolutionConfigurationPlatforms) = preSolution
		Debug|Any CPU = Debug|Any CPU
		Release|Any CPU = Release|Any CPU
	EndGlobalSection
	GlobalSection(ProjectConfigurationPlatforms) = postSolution
		{6E5E8F61-5834-4A69-B604-1900DB713902}.Debug|Any CPU.ActiveCfg = Debug|Any CPU
		{6E5E8F61-5834-4A69-B604-1900DB713902}.Debug|Any CPU.Build.0 = Debug|Any CPU
		{6E5E8F61-5834-4A69-B604-1900DB713902}.Release|Any CPU.ActiveCfg = Release|Any CPU
		{6E5E8F61-5834-4A69-B604-1900DB713902}.Release|Any CPU.Build.0 = Release|Any CPU
	EndGlobalSection
	GlobalSection(SolutionProperties) = preSolution
		HideSolutionNode = FALSE
	EndGlobalSection
	GlobalSection(ExtensibilityGlobals) = postSolution
		SolutionGuid = {1EE1659B-15B4-4BD6-93E6-8F95BDC8FC3D}
	EndGlobalSection
EndGlobal
