
Microsoft Visual Studio Solution File, Format Version 12.00
# Visual Studio Version 16
VisualStudioVersion = 25.0.1704.1
MinimumVisualStudioVersion = 10.0.40219.1
Project("{FAE04EC0-301F-11D3-BF4B-00C04F79EFBC}") = "dataTime", "dataTime\dataTime.csproj", "{BA4E246E-0A33-4085-B983-C27943AB198A}"
EndProject
Global
	GlobalSection(SolutionConfigurationPlatforms) = preSolution
		Debug|Any CPU = Debug|Any CPU
		Release|Any CPU = Release|Any CPU
	EndGlobalSection
	GlobalSection(ProjectConfigurationPlatforms) = postSolution
		{BA4E246E-0A33-4085-B983-C27943AB198A}.Debug|Any CPU.ActiveCfg = Debug|Any CPU
		{BA4E246E-0A33-4085-B983-C27943AB198A}.Debug|Any CPU.Build.0 = Debug|Any CPU
		{BA4E246E-0A33-4085-B983-C27943AB198A}.Release|Any CPU.ActiveCfg = Release|Any CPU
		{BA4E246E-0A33-4085-B983-C27943AB198A}.Release|Any CPU.Build.0 = Release|Any CPU
	EndGlobalSection
	GlobalSection(SolutionProperties) = preSolution
		HideSolutionNode = FALSE
	EndGlobalSection
	GlobalSection(ExtensibilityGlobals) = postSolution
		SolutionGuid = {980864D9-7608-4F6C-8FD4-BD71441BD3E7}
	EndGlobalSection
EndGlobal
