
Microsoft Visual Studio Solution File, Format Version 12.00
# Visual Studio Version 16
VisualStudioVersion = 25.0.1704.1
MinimumVisualStudioVersion = 10.0.40219.1
Project("{FAE04EC0-301F-11D3-BF4B-00C04F79EFBC}") = "IEnumerable2", "IEnumerable2\IEnumerable2.csproj", "{DCB25F65-EB36-4CC0-A545-BDD0264B7BCC}"
EndProject
Global
	GlobalSection(SolutionConfigurationPlatforms) = preSolution
		Debug|Any CPU = Debug|Any CPU
		Release|Any CPU = Release|Any CPU
	EndGlobalSection
	GlobalSection(ProjectConfigurationPlatforms) = postSolution
		{DCB25F65-EB36-4CC0-A545-BDD0264B7BCC}.Debug|Any CPU.ActiveCfg = Debug|Any CPU
		{DCB25F65-EB36-4CC0-A545-BDD0264B7BCC}.Debug|Any CPU.Build.0 = Debug|Any CPU
		{DCB25F65-EB36-4CC0-A545-BDD0264B7BCC}.Release|Any CPU.ActiveCfg = Release|Any CPU
		{DCB25F65-EB36-4CC0-A545-BDD0264B7BCC}.Release|Any CPU.Build.0 = Release|Any CPU
	EndGlobalSection
	GlobalSection(SolutionProperties) = preSolution
		HideSolutionNode = FALSE
	EndGlobalSection
	GlobalSection(ExtensibilityGlobals) = postSolution
		SolutionGuid = {018CB466-30F4-448A-9C37-BE1E78C7DB7A}
	EndGlobalSection
EndGlobal
